
Microsoft Visual Studio Solution File, Format Version 12.00
# Visual Studio Version 17
VisualStudioVersion = 17.0.31912.275
MinimumVisualStudioVersion = 10.0.40219.1
Project("{FAE04EC0-301F-11D3-BF4B-00C04F79EFBC}") = "TrackerLibrary", "TrackerLibrary\TrackerLibrary.csproj", "{8960D352-96C0-45CC-B9DF-C5C6C643AF0F}"
EndProject
Project("{FAE04EC0-301F-11D3-BF4B-00C04F79EFBC}") = "TrackerUI", "TrackerUI\TrackerUI.csproj", "{3266471F-175E-4D0E-932E-C851D4CCE4B5}"
EndProject
Global
	GlobalSection(SolutionConfigurationPlatforms) = preSolution
		Debug|Any CPU = Debug|Any CPU
		Release|Any CPU = Release|Any CPU
	EndGlobalSection
	GlobalSection(ProjectConfigurationPlatforms) = postSolution
		{8960D352-96C0-45CC-B9DF-C5C6C643AF0F}.Debug|Any CPU.ActiveCfg = Debug|Any CPU
		{8960D352-96C0-45CC-B9DF-C5C6C643AF0F}.Debug|Any CPU.Build.0 = Debug|Any CPU
		{8960D352-96C0-45CC-B9DF-C5C6C643AF0F}.Release|Any CPU.ActiveCfg = Release|Any CPU
		{8960D352-96C0-45CC-B9DF-C5C6C643AF0F}.Release|Any CPU.Build.0 = Release|Any CPU
		{3266471F-175E-4D0E-932E-C851D4CCE4B5}.Debug|Any CPU.ActiveCfg = Debug|Any CPU
		{3266471F-175E-4D0E-932E-C851D4CCE4B5}.Debug|Any CPU.Build.0 = Debug|Any CPU
		{3266471F-175E-4D0E-932E-C851D4CCE4B5}.Release|Any CPU.ActiveCfg = Release|Any CPU
		{3266471F-175E-4D0E-932E-C851D4CCE4B5}.Release|Any CPU.Build.0 = Release|Any CPU
	EndGlobalSection
	GlobalSection(SolutionProperties) = preSolution
		HideSolutionNode = FALSE
	EndGlobalSection
	GlobalSection(ExtensibilityGlobals) = postSolution
		SolutionGuid = {1624C61C-687D-4CA3-A76D-55A066A85881}
	EndGlobalSection
EndGlobal
